
Microsoft Visual Studio Solution File, Format Version 12.00
# Visual Studio 15
VisualStudioVersion = 15.0.27130.0
MinimumVisualStudioVersion = 10.0.40219.1
Project("{FAE04EC0-301F-11D3-BF4B-00C04F79EFBC}") = "ECommerce", "ECommerce\ECommerce.csproj", "{61CC2B28-B913-4311-BE9C-BC981D7F11EC}"
EndProject
Global
	GlobalSection(SolutionConfigurationPlatforms) = preSolution
		Debug|Any CPU = Debug|Any CPU
		Release|Any CPU = Release|Any CPU
	EndGlobalSection
	GlobalSection(ProjectConfigurationPlatforms) = postSolution
		{61CC2B28-B913-4311-BE9C-BC981D7F11EC}.Debug|Any CPU.ActiveCfg = Debug|Any CPU
		{61CC2B28-B913-4311-BE9C-BC981D7F11EC}.Debug|Any CPU.Build.0 = Debug|Any CPU
		{61CC2B28-B913-4311-BE9C-BC981D7F11EC}.Release|Any CPU.ActiveCfg = Release|Any CPU
		{61CC2B28-B913-4311-BE9C-BC981D7F11EC}.Release|Any CPU.Build.0 = Release|Any CPU
	EndGlobalSection
	GlobalSection(SolutionProperties) = preSolution
		HideSolutionNode = FALSE
	EndGlobalSection
	GlobalSection(ExtensibilityGlobals) = postSolution
		SolutionGuid = {20769039-1ADB-41E3-BDF7-37C0A6CB33B3}
	EndGlobalSection
EndGlobal
